PODS:
  - AFNetworking (3.1.0):
    - AFNetworking/NSURLSession (= 3.1.0)
    - AFNetworking/Reachability (= 3.1.0)
    - AFNetworking/Security (= 3.1.0)
    - AFNetworking/Serialization (= 3.1.0)
    - AFNetworking/UIKit (= 3.1.0)
  - AFNetworking/NSURLSession (3.1.0):
    - AFNetworking/Reachability
    - AFNetworking/Security
    - AFNetworking/Serialization
  - AFNetworking/Reachability (3.1.0)
  - AFNetworking/Security (3.1.0)
  - AFNetworking/Serialization (3.1.0)
  - AFNetworking/UIKit (3.1.0):
    - AFNetworking/NSURLSession
  - CBStoreHouseRefreshControl (1.0)
  - DZNEmptyDataSet (1.8.1)
  - FontAwesomeKit (2.2.1):
    - FontAwesomeKit/Core (= 2.2.1)
    - FontAwesomeKit/FontAwesome (= 2.2.1)
    - FontAwesomeKit/FoundationIcons (= 2.2.1)
    - FontAwesomeKit/IonIcons (= 2.2.1)
    - FontAwesomeKit/Material (= 2.2.1)
    - FontAwesomeKit/Octicons (= 2.2.1)
    - FontAwesomeKit/Zocial (= 2.2.1)
  - FontAwesomeKit/Core (2.2.1)
  - FontAwesomeKit/FontAwesome (2.2.1):
    - FontAwesomeKit/Core
  - FontAwesomeKit/FoundationIcons (2.2.1):
    - FontAwesomeKit/Core
  - FontAwesomeKit/IonIcons (2.2.1):
    - FontAwesomeKit/Core
  - FontAwesomeKit/Material (2.2.1):
    - FontAwesomeKit/Core
  - FontAwesomeKit/Octicons (2.2.1):
    - FontAwesomeKit/Core
  - FontAwesomeKit/Zocial (2.2.1):
    - FontAwesomeKit/Core
  - GoogleMaps (2.0.1):
    - GoogleMaps/Maps (= 2.0.1)
  - GoogleMaps/Base (2.0.1)
  - GoogleMaps/Maps (2.0.1):
    - GoogleMaps/Base (= 2.0.1)
  - GooglePlacePicker (2.0.1):
    - GoogleMaps (= 2.0.1)
    - GooglePlaces (= 2.0.1)
  - GooglePlaces (2.0.1):
    - GoogleMaps/Base (= 2.0.1)
  - MBProgressHUD (1.0.0)
  - ObjectMapper (1.4.0)
  - ProgressHUD (2.3)
  - PureLayout (3.0.2)
  - RNGridMenu (0.1.3)
  - SWNetworking (1.1):
    - SWNetworking/File (= 1.1)
    - SWNetworking/Reachability (= 1.1)
    - SWNetworking/ResponseType (= 1.1)
    - SWNetworking/SWRequest (= 1.1)
    - SWNetworking/UIKit+SWNetworking (= 1.1)
  - SWNetworking/File (1.1)
  - SWNetworking/Reachability (1.1)
  - SWNetworking/ResponseType (1.1):
    - SWNetworking/File
  - SWNetworking/SWRequest (1.1):
    - SWNetworking/File
    - SWNetworking/Reachability
    - SWNetworking/ResponseType
  - SWNetworking/UIKit+SWNetworking (1.1):
    - SWNetworking/ResponseType
    - SWNetworking/SWRequest
  - TPKeyboardAvoiding (1.3)
  - UberRides (0.5.2):
    - ObjectMapper (~> 1.0)

DEPENDENCIES:
  - AFNetworking
  - CBStoreHouseRefreshControl
  - DZNEmptyDataSet
  - FontAwesomeKit (from `https://github.com/PrideChung/FontAwesomeKit.git`)
  - GoogleMaps
  - GooglePlacePicker
  - GooglePlaces
  - MBProgressHUD
  - ProgressHUD
  - PureLayout
  - RNGridMenu
  - SWNetworking
  - TPKeyboardAvoiding
  - UberRides

EXTERNAL SOURCES:
  FontAwesomeKit:
    :git: https://github.com/PrideChung/FontAwesomeKit.git

CHECKOUT OPTIONS:
  FontAwesomeKit:
    :commit: ffcc61b71c5ae5196705d3486e20e5391fb9396c
    :git: https://github.com/PrideChung/FontAwesomeKit.git

SPEC CHECKSUMS:
  AFNetworking: 5e0e199f73d8626b11e79750991f5d173d1f8b67
  CBStoreHouseRefreshControl: a814bd725e74ff4c1e8dd96eb02358199b0da04f
  DZNEmptyDataSet: 9525833b9e68ac21c30253e1d3d7076cc828eaa7
  FontAwesomeKit: 3614979b3dbb0ec3f7fac1bd760b91f66c31db67
  GoogleMaps: f09da64fc987c1aa29394567c3cab5a3df83c402
  GooglePlacePicker: e7b11b732e40dbe76e8ab4c5fc2f4a7c32b96578
  GooglePlaces: 72fab1d1651c6df0322f2aad245ffb15b80d3c56
  MBProgressHUD: 4890f671c94e8a0f3cf959aa731e9de2f036d71a
  ObjectMapper: a07ad0462c5adf014adc0f89ef04c29b626e855e
  ProgressHUD: 0d2afb77bc41997dfff1aafb8617317d858834a9
  PureLayout: 4d550abe49a94f24c2808b9b95db9131685fe4cd
  RNGridMenu: c58db81f87b5473936bb1b675dc3e947c409b51d
  SWNetworking: b96122db6316d247a18919b2f4b371add286f9a2
  TPKeyboardAvoiding: a5138f318c06fb3e151f886e18ce4a72695d9cbe
  UberRides: 31c962f5b150fac726789e4de80f5fd468201dd5

PODFILE CHECKSUM: a6173eda59c2ec610b3bedc2a648f47c16ec3690

COCOAPODS: 1.0.1
