// !$*UTF8*$!
{
	archiveVersion = 1;
	classes = {
	};
	objectVersion = 46;
	objects = {

/* Begin PBXBuildFile section */
		A61371E61D7DBCBA00A956E8 /* main.m in Sources */ = {isa = PBXBuildFile; fileRef = A61371E51D7DBCBA00A956E8 /* main.m */; };
		A61371E91D7DBCBA00A956E8 /* AppDelegate.m in Sources */ = {isa = PBXBuildFile; fileRef = A61371E81D7DBCBA00A956E8 /* AppDelegate.m */; };
		A61371EC1D7DBCBA00A956E8 /* ViewController.m in Sources */ = {isa = PBXBuildFile; fileRef = A61371EB1D7DBCBA00A956E8 /* ViewController.m */; };
		A61371EF1D7DBCBA00A956E8 /* Main.storyboard in Resources */ = {isa = PBXBuildFile; fileRef = A61371ED1D7DBCBA00A956E8 /* Main.storyboard */; };
		A61371F11D7DBCBA00A956E8 /* Assets.xcassets in Resources */ = {isa = PBXBuildFile; fileRef = A61371F01D7DBCBA00A956E8 /* Assets.xcassets */; };
		A61371F41D7DBCBA00A956E8 /* LaunchScreen.storyboard in Resources */ = {isa = PBXBuildFile; fileRef = A61371F21D7DBCBA00A956E8 /* LaunchScreen.storyboard */; };
		A61371FF1D7DBCBA00A956E8 /* valetuTests.m in Sources */ = {isa = PBXBuildFile; fileRef = A61371FE1D7DBCBA00A956E8 /* valetuTests.m */; };
		A613720A1D7DBCBA00A956E8 /* valetuUITests.m in Sources */ = {isa = PBXBuildFile; fileRef = A61372091D7DBCBA00A956E8 /* valetuUITests.m */; };
/* End PBXBuildFile section */

/* Begin PBXContainerItemProxy section */
		A61371FB1D7DBCBA00A956E8 /* PBXContainerItemProxy */ = {
			isa = PBXContainerItemProxy;
			containerPortal = A61371D91D7DBCBA00A956E8 /* Project object */;
			proxyType = 1;
			remoteGlobalIDString = A61371E01D7DBCBA00A956E8;
			remoteInfo = valetu;
		};
		A61372061D7DBCBA00A956E8 /* PBXContainerItemProxy */ = {
			isa = PBXContainerItemProxy;
			containerPortal = A61371D91D7DBCBA00A956E8 /* Project object */;
			proxyType = 1;
			remoteGlobalIDString = A61371E01D7DBCBA00A956E8;
			remoteInfo = valetu;
		};
/* End PBXContainerItemProxy section */

/* Begin PBXFileReference section */
		A61371E11D7DBCBA00A956E8 /* valetu.app */ = {isa = PBXFileReference; explicitFileType = wrapper.application; includeInIndex = 0; path = valetu.app; sourceTree = BUILT_PRODUCTS_DIR; };
		A61371E51D7DBCBA00A956E8 /* main.m */ = {isa = PBXFileReference; lastKnownFileType = sourcecode.c.objc; path = main.m; sourceTree = "<group>"; };
		A61371E71D7DBCBA00A956E8 /* AppDelegate.h */ = {isa = PBXFileReference; lastKnownFileType = sourcecode.c.h; path = AppDelegate.h; sourceTree = "<group>"; };
		A61371E81D7DBCBA00A956E8 /* AppDelegate.m */ = {isa = PBXFileReference; lastKnownFileType = sourcecode.c.objc; path = AppDelegate.m; sourceTree = "<group>"; };
		A61371EA1D7DBCBA00A956E8 /* ViewController.h */ = {isa = PBXFileReference; lastKnownFileType = sourcecode.c.h; path = ViewController.h; sourceTree = "<group>"; };
		A61371EB1D7DBCBA00A956E8 /* ViewController.m */ = {isa = PBXFileReference; lastKnownFileType = sourcecode.c.objc; path = ViewController.m; sourceTree = "<group>"; };
		A61371EE1D7DBCBA00A956E8 /* Base */ = {isa = PBXFileReference; lastKnownFileType = file.storyboard; name = Base; path = Base.lproj/Main.storyboard; sourceTree = "<group>"; };
		A61371F01D7DBCBA00A956E8 /* Assets.xcassets */ = {isa = PBXFileReference; lastKnownFileType = folder.assetcatalog; path = Assets.xcassets; sourceTree = "<group>"; };
		A61371F31D7DBCBA00A956E8 /* Base */ = {isa = PBXFileReference; lastKnownFileType = file.storyboard; name = Base; path = Base.lproj/LaunchScreen.storyboard; sourceTree = "<group>"; };
		A61371F51D7DBCBA00A956E8 /* Info.plist */ = {isa = PBXFileReference; lastKnownFileType = text.plist.xml; path = Info.plist; sourceTree = "<group>"; };
		A61371FA1D7DBCBA00A956E8 /* valetuTests.xctest */ = {isa = PBXFileReference; explicitFileType = wrapper.cfbundle; includeInIndex = 0; path = valetuTests.xctest; sourceTree = BUILT_PRODUCTS_DIR; };
		A61371FE1D7DBCBA00A956E8 /* valetuTests.m */ = {isa = PBXFileReference; lastKnownFileType = sourcecode.c.objc; path = valetuTests.m; sourceTree = "<group>"; };
		A61372001D7DBCBA00A956E8 /* Info.plist */ = {isa = PBXFileReference; lastKnownFileType = text.plist.xml; path = Info.plist; sourceTree = "<group>"; };
		A61372051D7DBCBA00A956E8 /* valetuUITests.xctest */ = {isa = PBXFileReference; explicitFileType = wrapper.cfbundle; includeInIndex = 0; path = valetuUITests.xctest; sourceTree = BUILT_PRODUCTS_DIR; };
		A61372091D7DBCBA00A956E8 /* valetuUITests.m */ = {isa = PBXFileReference; lastKnownFileType = sourcecode.c.objc; path = valetuUITests.m; sourceTree = "<group>"; };
		A613720B1D7DBCBA00A956E8 /* Info.plist */ = {isa = PBXFileReference; lastKnownFileType = text.plist.xml; path = Info.plist; sourceTree = "<group>"; };
/* End PBXFileReference section */

/* Begin PBXFrameworksBuildPhase section */
		A61371DE1D7DBCBA00A956E8 /* Frameworks */ = {
			isa = PBXFrameworksBuildPhase;
			buildActionMask = 2147483647;
			files = (
			);
			runOnlyForDeploymentPostprocessing = 0;
		};
		A61371F71D7DBCBA00A956E8 /* Frameworks */ = {
			isa = PBXFrameworksBuildPhase;
			buildActionMask = 2147483647;
			files = (
			);
			runOnlyForDeploymentPostprocessing = 0;
		};
		A61372021D7DBCBA00A956E8 /* Frameworks */ = {
			isa = PBXFrameworksBuildPhase;
			buildActionMask = 2147483647;
			files = (
			);
			runOnlyForDeploymentPostprocessing = 0;
		};
/* End PBXFrameworksBuildPhase section */

/* Begin PBXGroup section */
		A61371D81D7DBCBA00A956E8 = {
			isa = PBXGroup;
			children = (
				A61371E31D7DBCBA00A956E8 /* valetu */,
				A61371FD1D7DBCBA00A956E8 /* valetuTests */,
				A61372081D7DBCBA00A956E8 /* valetuUITests */,
				A61371E21D7DBCBA00A956E8 /* Products */,
			);
			sourceTree = "<group>";
		};
		A61371E21D7DBCBA00A956E8 /* Products */ = {
			isa = PBXGroup;
			children = (
				A61371E11D7DBCBA00A956E8 /* valetu.app */,
				A61371FA1D7DBCBA00A956E8 /* valetuTests.xctest */,
				A61372051D7DBCBA00A956E8 /* valetuUITests.xctest */,
			);
			name = Products;
			sourceTree = "<group>";
		};
		A61371E31D7DBCBA00A956E8 /* valetu */ = {
			isa = PBXGroup;
			children = (
				A61371E71D7DBCBA00A956E8 /* AppDelegate.h */,
				A61371E81D7DBCBA00A956E8 /* AppDelegate.m */,
				A61371EA1D7DBCBA00A956E8 /* ViewController.h */,
				A61371EB1D7DBCBA00A956E8 /* ViewController.m */,
				A61371ED1D7DBCBA00A956E8 /* Main.storyboard */,
				A61371F01D7DBCBA00A956E8 /* Assets.xcassets */,
				A61371F21D7DBCBA00A956E8 /* LaunchScreen.storyboard */,
				A61371F51D7DBCBA00A956E8 /* Info.plist */,
				A61371E41D7DBCBA00A956E8 /* Supporting Files */,
			);
			path = valetu;
			sourceTree = "<group>";
		};
		A61371E41D7DBCBA00A956E8 /* Supporting Files */ = {
			isa = PBXGroup;
			children = (
				A61371E51D7DBCBA00A956E8 /* main.m */,
			);
			name = "Supporting Files";
			sourceTree = "<group>";
		};
		A61371FD1D7DBCBA00A956E8 /* valetuTests */ = {
			isa = PBXGroup;
			children = (
				A61371FE1D7DBCBA00A956E8 /* valetuTests.m */,
				A61372001D7DBCBA00A956E8 /* Info.plist */,
			);
			path = valetuTests;
			sourceTree = "<group>";
		};
		A61372081D7DBCBA00A956E8 /* valetuUITests */ = {
			isa = PBXGroup;
			children = (
				A61372091D7DBCBA00A956E8 /* valetuUITests.m */,
				A613720B1D7DBCBA00A956E8 /* Info.plist */,
			);
			path = valetuUITests;
			sourceTree = "<group>";
		};
/* End PBXGroup section */

/* Begin PBXNativeTarget section */
		A61371E01D7DBCBA00A956E8 /* valetu */ = {
			isa = PBXNativeTarget;
			buildConfigurationList = A613720E1D7DBCBA00A956E8 /* Build configuration list for PBXNativeTarget "valetu" */;
			buildPhases = (
				A61371DD1D7DBCBA00A956E8 /* Sources */,
				A61371DE1D7DBCBA00A956E8 /* Frameworks */,
				A61371DF1D7DBCBA00A956E8 /* Resources */,
			);
			buildRules = (
			);
			dependencies = (
			);
			name = valetu;
			productName = valetu;
			productReference = A61371E11D7DBCBA00A956E8 /* valetu.app */;
			productType = "com.apple.product-type.application";
		};
		A61371F91D7DBCBA00A956E8 /* valetuTests */ = {
			isa = PBXNativeTarget;
			buildConfigurationList = A61372111D7DBCBA00A956E8 /* Build configuration list for PBXNativeTarget "valetuTests" */;
			buildPhases = (
				A61371F61D7DBCBA00A956E8 /* Sources */,
				A61371F71D7DBCBA00A956E8 /* Frameworks */,
				A61371F81D7DBCBA00A956E8 /* Resources */,
			);
			buildRules = (
			);
			dependencies = (
				A61371FC1D7DBCBA00A956E8 /* PBXTargetDependency */,
			);
			name = valetuTests;
			productName = valetuTests;
			productReference = A61371FA1D7DBCBA00A956E8 /* valetuTests.xctest */;
			productType = "com.apple.product-type.bundle.unit-test";
		};
		A61372041D7DBCBA00A956E8 /* valetuUITests */ = {
			isa = PBXNativeTarget;
			buildConfigurationList = A61372141D7DBCBA00A956E8 /* Build configuration list for PBXNativeTarget "valetuUITests" */;
			buildPhases = (
				A61372011D7DBCBA00A956E8 /* Sources */,
				A61372021D7DBCBA00A956E8 /* Frameworks */,
				A61372031D7DBCBA00A956E8 /* Resources */,
			);
			buildRules = (
			);
			dependencies = (
				A61372071D7DBCBA00A956E8 /* PBXTargetDependency */,
			);
			name = valetuUITests;
			productName = valetuUITests;
			productReference = A61372051D7DBCBA00A956E8 /* valetuUITests.xctest */;
			productType = "com.apple.product-type.bundle.ui-testing";
		};
/* End PBXNativeTarget section */

/* Begin PBXProject section */
		A61371D91D7DBCBA00A956E8 /* Project object */ = {
			isa = PBXProject;
			attributes = {
				LastUpgradeCheck = 0730;
				ORGANIZATIONNAME = imobile;
				TargetAttributes = {
					A61371E01D7DBCBA00A956E8 = {
						CreatedOnToolsVersion = 7.3.1;
					};
					A61371F91D7DBCBA00A956E8 = {
						CreatedOnToolsVersion = 7.3.1;
						TestTargetID = A61371E01D7DBCBA00A956E8;
					};
					A61372041D7DBCBA00A956E8 = {
						CreatedOnToolsVersion = 7.3.1;
						TestTargetID = A61371E01D7DBCBA00A956E8;
					};
				};
			};
			buildConfigurationList = A61371DC1D7DBCBA00A956E8 /* Build configuration list for PBXProject "valetu" */;
			compatibilityVersion = "Xcode 3.2";
			developmentRegion = English;
			hasScannedForEncodings = 0;
			knownRegions = (
				en,
				Base,
			);
			mainGroup = A61371D81D7DBCBA00A956E8;
			productRefGroup = A61371E21D7DBCBA00A956E8 /* Products */;
			projectDirPath = "";
			projectRoot = "";
			targets = (
				A61371E01D7DBCBA00A956E8 /* valetu */,
				A61371F91D7DBCBA00A956E8 /* valetuTests */,
				A61372041D7DBCBA00A956E8 /* valetuUITests */,
			);
		};
/* End PBXProject section */

/* Begin PBXResourcesBuildPhase section */
		A61371DF1D7DBCBA00A956E8 /* Resources */ = {
			isa = PBXResourcesBuildPhase;
			buildActionMask = 2147483647;
			files = (
				A61371F41D7DBCBA00A956E8 /* LaunchScreen.storyboard in Resources */,
				A61371F11D7DBCBA00A956E8 /* Assets.xcassets in Resources */,
				A61371EF1D7DBCBA00A956E8 /* Main.storyboard in Resources */,
			);
			runOnlyForDeploymentPostprocessing = 0;
		};
		A61371F81D7DBCBA00A956E8 /* Resources */ = {
			isa = PBXResourcesBuildPhase;
			buildActionMask = 2147483647;
			files = (
			);
			runOnlyForDeploymentPostprocessing = 0;
		};
		A61372031D7DBCBA00A956E8 /* Resources */ = {
			isa = PBXResourcesBuildPhase;
			buildActionMask = 2147483647;
			files = (
			);
			runOnlyForDeploymentPostprocessing = 0;
		};
/* End PBXResourcesBuildPhase section */

/* Begin PBXSourcesBuildPhase section */
		A61371DD1D7DBCBA00A956E8 /* Sources */ = {
			isa = PBXSourcesBuildPhase;
			buildActionMask = 2147483647;
			files = (
				A61371EC1D7DBCBA00A956E8 /* ViewController.m in Sources */,
				A61371E91D7DBCBA00A956E8 /* AppDelegate.m in Sources */,
				A61371E61D7DBCBA00A956E8 /* main.m in Sources */,
			);
			runOnlyForDeploymentPostprocessing = 0;
		};
		A61371F61D7DBCBA00A956E8 /* Sources */ = {
			isa = PBXSourcesBuildPhase;
			buildActionMask = 2147483647;
			files = (
				A61371FF1D7DBCBA00A956E8 /* valetuTests.m in Sources */,
			);
			runOnlyForDeploymentPostprocessing = 0;
		};
		A61372011D7DBCBA00A956E8 /* Sources */ = {
			isa = PBXSourcesBuildPhase;
			buildActionMask = 2147483647;
			files = (
				A613720A1D7DBCBA00A956E8 /* valetuUITests.m in Sources */,
			);
			runOnlyForDeploymentPostprocessing = 0;
		};
/* End PBXSourcesBuildPhase section */

/* Begin PBXTargetDependency section */
		A61371FC1D7DBCBA00A956E8 /* PBXTargetDependency */ = {
			isa = PBXTargetDependency;
			target = A61371E01D7DBCBA00A956E8 /* valetu */;
			targetProxy = A61371FB1D7DBCBA00A956E8 /* PBXContainerItemProxy */;
		};
		A61372071D7DBCBA00A956E8 /* PBXTargetDependency */ = {
			isa = PBXTargetDependency;
			target = A61371E01D7DBCBA00A956E8 /* valetu */;
			targetProxy = A61372061D7DBCBA00A956E8 /* PBXContainerItemProxy */;
		};
/* End PBXTargetDependency section */

/* Begin PBXVariantGroup section */
		A61371ED1D7DBCBA00A956E8 /* Main.storyboard */ = {
			isa = PBXVariantGroup;
			children = (
				A61371EE1D7DBCBA00A956E8 /* Base */,
			);
			name = Main.storyboard;
			sourceTree = "<group>";
		};
		A61371F21D7DBCBA00A956E8 /* LaunchScreen.storyboard */ = {
			isa = PBXVariantGroup;
			children = (
				A61371F31D7DBCBA00A956E8 /* Base */,
			);
			name = LaunchScreen.storyboard;
			sourceTree = "<group>";
		};
/* End PBXVariantGroup section */

/* Begin XCBuildConfiguration section */
		A613720C1D7DBCBA00A956E8 /* Debug */ = {
			isa = XCBuildConfiguration;
			buildSettings = {
				ALWAYS_SEARCH_USER_PATHS = NO;
				CLANG_ANALYZER_NONNULL = YES;
				CLANG_CXX_LANGUAGE_STANDARD = "gnu++0x";
				CLANG_CXX_LIBRARY = "libc++";
				CLANG_ENABLE_MODULES = YES;
				CLANG_ENABLE_OBJC_ARC = YES;
				CLANG_WARN_BOOL_CONVERSION = YES;
				CLANG_WARN_CONSTANT_CONVERSION = YES;
				CLANG_WARN_DIRECT_OBJC_ISA_USAGE = YES_ERROR;
				CLANG_WARN_EMPTY_BODY = YES;
				CLANG_WARN_ENUM_CONVERSION = YES;
				CLANG_WARN_INT_CONVERSION = YES;
				CLANG_WARN_OBJC_ROOT_CLASS = YES_ERROR;
				CLANG_WARN_UNREACHABLE_CODE = YES;
				CLANG_WARN__DUPLICATE_METHOD_MATCH = YES;
				"CODE_SIGN_IDENTITY[sdk=iphoneos*]" = "iPhone Developer";
				COPY_PHASE_STRIP = NO;
				DEBUG_INFORMATION_FORMAT = dwarf;
				ENABLE_STRICT_OBJC_MSGSEND = YES;
				ENABLE_TESTABILITY = YES;
				GCC_C_LANGUAGE_STANDARD = gnu99;
				GCC_DYNAMIC_NO_PIC = NO;
				GCC_NO_COMMON_BLOCKS = YES;
				GCC_OPTIMIZATION_LEVEL = 0;
				GCC_PREPROCESSOR_DEFINITIONS = (
					"DEBUG=1",
					"$(inherited)",
				);
				GCC_WARN_64_TO_32_BIT_CONVERSION = YES;
				GCC_WARN_ABOUT_RETURN_TYPE = YES_ERROR;
				GCC_WARN_UNDECLARED_SELECTOR = YES;
				GCC_WARN_UNINITIALIZED_AUTOS = YES_AGGRESSIVE;
				GCC_WARN_UNUSED_FUNCTION = YES;
				GCC_WARN_UNUSED_VARIABLE = YES;
				IPHONEOS_DEPLOYMENT_TARGET = 9.3;
				MTL_ENABLE_DEBUG_INFO = YES;
				ONLY_ACTIVE_ARCH = YES;
				SDKROOT = iphoneos;
				TARGETED_DEVICE_FAMILY = "1,2";
			};
			name = Debug;
		};
		A613720D1D7DBCBA00A956E8 /* Release */ = {
			isa = XCBuildConfiguration;
			buildSettings = {
				ALWAYS_SEARCH_USER_PATHS = NO;
				CLANG_ANALYZER_NONNULL = YES;
				CLANG_CXX_LANGUAGE_STANDARD = "gnu++0x";
				CLANG_CXX_LIBRARY = "libc++";
				CLANG_ENABLE_MODULES = YES;
				CLANG_ENABLE_OBJC_ARC = YES;
				CLANG_WARN_BOOL_CONVERSION = YES;
				CLANG_WARN_CONSTANT_CONVERSION = YES;
				CLANG_WARN_DIRECT_OBJC_ISA_USAGE = YES_ERROR;
				CLANG_WARN_EMPTY_BODY = YES;
				CLANG_WARN_ENUM_CONVERSION = YES;
				CLANG_WARN_INT_CONVERSION = YES;
				CLANG_WARN_OBJC_ROOT_CLASS = YES_ERROR;
				CLANG_WARN_UNREACHABLE_CODE = YES;
				CLANG_WARN__DUPLICATE_METHOD_MATCH = YES;
				"CODE_SIGN_IDENTITY[sdk=iphoneos*]" = "iPhone Developer";
				COPY_PHASE_STRIP = NO;
				DEBUG_INFORMATION_FORMAT = "dwarf-with-dsym";
				ENABLE_NS_ASSERTIONS = NO;
				ENABLE_STRICT_OBJC_MSGSEND = YES;
				GCC_C_LANGUAGE_STANDARD = gnu99;
				GCC_NO_COMMON_BLOCKS = YES;
				GCC_WARN_64_TO_32_BIT_CONVERSION = YES;
				GCC_WARN_ABOUT_RETURN_TYPE = YES_ERROR;
				GCC_WARN_UNDECLARED_SELECTOR = YES;
				GCC_WARN_UNINITIALIZED_AUTOS = YES_AGGRESSIVE;
				GCC_WARN_UNUSED_FUNCTION = YES;
				GCC_WARN_UNUSED_VARIABLE = YES;
				IPHONEOS_DEPLOYMENT_TARGET = 9.3;
				MTL_ENABLE_DEBUG_INFO = NO;
				SDKROOT = iphoneos;
				TARGETED_DEVICE_FAMILY = "1,2";
				VALIDATE_PRODUCT = YES;
			};
			name = Release;
		};
		A613720F1D7DBCBA00A956E8 /* Debug */ = {
			isa = XCBuildConfiguration;
			buildSettings = {
				ASSETCATALOG_COMPILER_APPICON_NAME = AppIcon;
				INFOPLIST_FILE = valetu/Info.plist;
				LD_RUNPATH_SEARCH_PATHS = "$(inherited) @executable_path/Frameworks";
				PRODUCT_BUNDLE_IDENTIFIER = net.valetu;
				PRODUCT_NAME = "$(TARGET_NAME)";
			};
			name = Debug;
		};
		A61372101D7DBCBA00A956E8 /* Release */ = {
			isa = XCBuildConfiguration;
			buildSettings = {
				ASSETCATALOG_COMPILER_APPICON_NAME = AppIcon;
				INFOPLIST_FILE = valetu/Info.plist;
				LD_RUNPATH_SEARCH_PATHS = "$(inherited) @executable_path/Frameworks";
				PRODUCT_BUNDLE_IDENTIFIER = net.valetu;
				PRODUCT_NAME = "$(TARGET_NAME)";
			};
			name = Release;
		};
		A61372121D7DBCBA00A956E8 /* Debug */ = {
			isa = XCBuildConfiguration;
			buildSettings = {
				BUNDLE_LOADER = "$(TEST_HOST)";
				INFOPLIST_FILE = valetuTests/Info.plist;
				LD_RUNPATH_SEARCH_PATHS = "$(inherited) @executable_path/Frameworks @loader_path/Frameworks";
				PRODUCT_BUNDLE_IDENTIFIER = net.valetuTests;
				PRODUCT_NAME = "$(TARGET_NAME)";
				TEST_HOST = "$(BUILT_PRODUCTS_DIR)/valetu.app/valetu";
			};
			name = Debug;
		};
		A61372131D7DBCBA00A956E8 /* Release */ = {
			isa = XCBuildConfiguration;
			buildSettings = {
				BUNDLE_LOADER = "$(TEST_HOST)";
				INFOPLIST_FILE = valetuTests/Info.plist;
				LD_RUNPATH_SEARCH_PATHS = "$(inherited) @executable_path/Frameworks @loader_path/Frameworks";
				PRODUCT_BUNDLE_IDENTIFIER = net.valetuTests;
				PRODUCT_NAME = "$(TARGET_NAME)";
				TEST_HOST = "$(BUILT_PRODUCTS_DIR)/valetu.app/valetu";
			};
			name = Release;
		};
		A61372151D7DBCBA00A956E8 /* Debug */ = {
			isa = XCBuildConfiguration;
			buildSettings = {
				INFOPLIST_FILE = valetuUITests/Info.plist;
				LD_RUNPATH_SEARCH_PATHS = "$(inherited) @executable_path/Frameworks @loader_path/Frameworks";
				PRODUCT_BUNDLE_IDENTIFIER = net.valetuUITests;
				PRODUCT_NAME = "$(TARGET_NAME)";
				TEST_TARGET_NAME = valetu;
			};
			name = Debug;
		};
		A61372161D7DBCBA00A956E8 /* Release */ = {
			isa = XCBuildConfiguration;
			buildSettings = {
				INFOPLIST_FILE = valetuUITests/Info.plist;
				LD_RUNPATH_SEARCH_PATHS = "$(inherited) @executable_path/Frameworks @loader_path/Frameworks";
				PRODUCT_BUNDLE_IDENTIFIER = net.valetuUITests;
				PRODUCT_NAME = "$(TARGET_NAME)";
				TEST_TARGET_NAME = valetu;
			};
			name = Release;
		};
/* End XCBuildConfiguration section */

/* Begin XCConfigurationList section */
		A61371DC1D7DBCBA00A956E8 /* Build configuration list for PBXProject "valetu" */ = {
			isa = XCConfigurationList;
			buildConfigurations = (
				A613720C1D7DBCBA00A956E8 /* Debug */,
				A613720D1D7DBCBA00A956E8 /* Release */,
			);
			defaultConfigurationIsVisible = 0;
			defaultConfigurationName = Release;
		};
		A613720E1D7DBCBA00A956E8 /* Build configuration list for PBXNativeTarget "valetu" */ = {
			isa = XCConfigurationList;
			buildConfigurations = (
				A613720F1D7DBCBA00A956E8 /* Debug */,
				A61372101D7DBCBA00A956E8 /* Release */,
			);
			defaultConfigurationIsVisible = 0;
		};
		A61372111D7DBCBA00A956E8 /* Build configuration list for PBXNativeTarget "valetuTests" */ = {
			isa = XCConfigurationList;
			buildConfigurations = (
				A61372121D7DBCBA00A956E8 /* Debug */,
				A61372131D7DBCBA00A956E8 /* Release */,
			);
			defaultConfigurationIsVisible = 0;
		};
		A61372141D7DBCBA00A956E8 /* Build configuration list for PBXNativeTarget "valetuUITests" */ = {
			isa = XCConfigurationList;
			buildConfigurations = (
				A61372151D7DBCBA00A956E8 /* Debug */,
				A61372161D7DBCBA00A956E8 /* Release */,
			);
			defaultConfigurationIsVisible = 0;
		};
/* End XCConfigurationList section */
	};
	rootObject = A61371D91D7DBCBA00A956E8 /* Project object */;
}
